
Microsoft Visual Studio Solution File, Format Version 12.00
# Visual Studio 2012
Project("{F2A71F9B-5D33-465A-A702-920D77279786}") = "Basis.Continuation", "Basis.Continuation\Basis.Continuation.fsproj", "{A0C5EE93-40E6-480C-96B7-5156527EA0F2}"
EndProject
Global
	GlobalSection(SolutionConfigurationPlatforms) = preSolution
		Debug|Any CPU = Debug|Any CPU
		Release|Any CPU = Release|Any CPU
	EndGlobalSection
	GlobalSection(ProjectConfigurationPlatforms) = postSolution
		{A0C5EE93-40E6-480C-96B7-5156527EA0F2}.Debug|Any CPU.ActiveCfg = Debug|Any CPU
		{A0C5EE93-40E6-480C-96B7-5156527EA0F2}.Debug|Any CPU.Build.0 = Debug|Any CPU
		{A0C5EE93-40E6-480C-96B7-5156527EA0F2}.Release|Any CPU.ActiveCfg = Release|Any CPU
		{A0C5EE93-40E6-480C-96B7-5156527EA0F2}.Release|Any CPU.Build.0 = Release|Any CPU
	EndGlobalSection
	GlobalSection(SolutionProperties) = preSolution
		HideSolutionNode = FALSE
	EndGlobalSection
EndGlobal
